# THIS IS AN AUTOGENERATED FILE. DO NOT EDIT THIS FILE DIRECTLY.
# yarn lockfile v1


"@types/node@^14.14.43":
  version "14.17.9"
  resolved "https://registry.yarnpkg.com/@types/node/-/node-14.17.9.tgz#b97c057e6138adb7b720df2bd0264b03c9f504fd"
  integrity sha512-CMjgRNsks27IDwI785YMY0KLt3co/c0cQ5foxHYv/shC2w8oOnVwz5Ubq1QG5KzrcW+AXk6gzdnxIkDnTvzu3g==

awaitqueue@^2.3.3:
  version "2.3.3"
  resolved "https://registry.yarnpkg.com/awaitqueue/-/awaitqueue-2.3.3.tgz#35e6568970fcac3de1644a2c28abc1074045b570"
  integrity sha512-RbzQg6VtPUtyErm55iuQLTrBJ2uihy5BKBOEkyBwv67xm5Fn2o/j+Bz+a5BmfSoe2oZ5dcz9Z3fExS8pL+LLhw==

debug@^4.1.1, debug@^4.3.2:
  version "4.3.2"
  resolved "https://registry.yarnpkg.com/debug/-/debug-4.3.2.tgz#f0a49c18ac8779e31d4a0c6029dfb76873c7428b"
  integrity sha512-mOp8wKcvj7XxC78zLgw/ZA+6TSgkoE2C/ienthhRD298T7UNwAg9diBpLRxC0mOezLl4B0xV7M0cCO6P/O0Xhw==
  dependencies:
    ms "2.1.2"

h264-profile-level-id@^1.0.1:
  version "1.0.1"
  resolved "https://registry.yarnpkg.com/h264-profile-level-id/-/h264-profile-level-id-1.0.1.tgz#92033c190766c846e57c6a97e4c1d922943a9cce"
  integrity sha512-D3Rln/jKNjKDW5ZTJTK3niSoOGE+pFqPvRHHVgQN3G7umcn/zWGPUo8Q8VpDj16x3hKz++zVviRNRmXu5cpN+Q==
  dependencies:
    debug "^4.1.1"

has-flag@^5.0.0:
  version "5.0.1"
  resolved "https://registry.yarnpkg.com/has-flag/-/has-flag-5.0.1.tgz#5483db2ae02a472d1d0691462fc587d1843cd940"
  integrity sha512-CsNUt5x9LUdx6hnk/E2SZLsDyvfqANZSUq4+D3D8RzDJ2M+HDTIkF60ibS1vHaK55vzgiZw1bEPFG9yH7l33wA==

mediasoup@^3.8.1:
  version "3.8.1"
  resolved "https://registry.yarnpkg.com/mediasoup/-/mediasoup-3.8.1.tgz#b1998d6bf1a73efb41b2e8827930436de243af7d"
  integrity sha512-7s68Sp/gJEj4DS77M7a7HlaxiYJkiSpOY//yWu73zvPuRYWEdL9VXN5AUi38i7GcPnF+KSb0Wt3cJiiTo6TVzw==
  dependencies:
    "@types/node" "^14.14.43"
    awaitqueue "^2.3.3"
    debug "^4.3.2"
    h264-profile-level-id "^1.0.1"
    netstring "^0.3.0"
    random-number "^0.0.9"
    supports-color "^9.0.2"
    uuid "^8.3.2"

ms@2.1.2:
  version "2.1.2"
  resolved "https://registry.yarnpkg.com/ms/-/ms-2.1.2.tgz#d09d1f357b443f493382a8eb3ccd183872ae6009"
  integrity sha512-sGkPx+VjMtmA6MX27oA4FBFELFCZZ4S4XqeGOXCv68tT+jb3vk/RyaKWP0PTKyWtmLSM0b+adUTEvbs1PEaH2w==

netstring@^0.3.0:
  version "0.3.0"
  resolved "https://registry.yarnpkg.com/netstring/-/netstring-0.3.0.tgz#868dc5b20c58d3f7305531d49368eaaabd19b712"
  integrity sha1-ho3FsgxY0/cwVTHUk2jqqr0ZtxI=

random-number@^0.0.9:
  version "0.0.9"
  resolved "https://registry.yarnpkg.com/random-number/-/random-number-0.0.9.tgz#5907b96f05041807c52aed601c869524d86fbbd5"
  integrity sha512-ipG3kRCREi/YQpi2A5QGcvDz1KemohovWmH6qGfboVyyGdR2t/7zQz0vFxrfxpbHQgPPdtVlUDaks3aikD1Ljw==

supports-color@^9.0.2:
  version "9.0.2"
  resolved "https://registry.yarnpkg.com/supports-color/-/supports-color-9.0.2.tgz#50f082888e4b0a4e2ccd2d0b4f9ef4efcd332485"
  integrity sha512-ii6tc8ImGFrgMPYq7RVAMKkhPo9vk8uA+D3oKbJq/3Pk2YSMv1+9dUAesa9UxMbxBTvxwKTQffBahNVNxEvM8Q==
  dependencies:
    has-flag "^5.0.0"

uuid@^8.3.2:
  version "8.3.2"
  resolved "https://registry.yarnpkg.com/uuid/-/uuid-8.3.2.tgz#80d5b5ced271bb9af6c445f21a1a04c606cefbe2"
  integrity sha512-+NYs2QeMWy+GWFOEm9xnn6HCDp0l7QBD7ml8zLUmJ+93Q5NF0NocErnwkTkXVFNiX3/fpC6afS8Dhb/gz7R7eg==
